
Microsoft Visual Studio Solution File, Format Version 12.00
# Visual Studio Version 17
VisualStudioVersion = 17.10.35122.118
MinimumVisualStudioVersion = 10.0.40219.1
Project("{9A19103F-16F7-4668-BE54-9A1E7A4F7556}") = "AFSViewer", "AFSViewer\AFSViewer.csproj", "{1CC99BC5-BE9B-4FF0-A647-645D0A233FD4}"
EndProject
Project("{9A19103F-16F7-4668-BE54-9A1E7A4F7556}") = "FileFormats", "FileFormats\FileFormats.csproj", "{9A8807C8-ED43-49B0-9F3F-9E49978796A9}"
EndProject
Project("{9A19103F-16F7-4668-BE54-9A1E7A4F7556}") = "TestApp", "TestApp\TestApp.csproj", "{BADE79D9-B1FD-4450-99AF-63F3F20E24C3}"
EndProject
Project("{9A19103F-16F7-4668-BE54-9A1E7A4F7556}") = "AFSTools", "AFSTools\AFSTools.csproj", "{A8D02913-6399-43B6-B51E-07FD1A18AE89}"
EndProject
Project("{9A19103F-16F7-4668-BE54-9A1E7A4F7556}") = "Ps2IsoTools", "Ps2IsoTools\Ps2IsoTools.csproj", "{51C2BC85-43BF-478A-9A91-A81C18B3EE4B}"
EndProject
Global
	GlobalSection(SolutionConfigurationPlatforms) = preSolution
		Debug|Any CPU = Debug|Any CPU
		Release|Any CPU = Release|Any CPU
	EndGlobalSection
	GlobalSection(ProjectConfigurationPlatforms) = postSolution
		{1CC99BC5-BE9B-4FF0-A647-645D0A233FD4}.Debug|Any CPU.ActiveCfg = Debug|Any CPU
		{1CC99BC5-BE9B-4FF0-A647-645D0A233FD4}.Debug|Any CPU.Build.0 = Debug|Any CPU
		{1CC99BC5-BE9B-4FF0-A647-645D0A233FD4}.Release|Any CPU.ActiveCfg = Release|Any CPU
		{1CC99BC5-BE9B-4FF0-A647-645D0A233FD4}.Release|Any CPU.Build.0 = Release|Any CPU
		{9A8807C8-ED43-49B0-9F3F-9E49978796A9}.Debug|Any CPU.ActiveCfg = Debug|Any CPU
		{9A8807C8-ED43-49B0-9F3F-9E49978796A9}.Debug|Any CPU.Build.0 = Debug|Any CPU
		{9A8807C8-ED43-49B0-9F3F-9E49978796A9}.Release|Any CPU.ActiveCfg = Release|Any CPU
		{9A8807C8-ED43-49B0-9F3F-9E49978796A9}.Release|Any CPU.Build.0 = Release|Any CPU
		{BADE79D9-B1FD-4450-99AF-63F3F20E24C3}.Debug|Any CPU.ActiveCfg = Debug|Any CPU
		{BADE79D9-B1FD-4450-99AF-63F3F20E24C3}.Debug|Any CPU.Build.0 = Debug|Any CPU
		{BADE79D9-B1FD-4450-99AF-63F3F20E24C3}.Release|Any CPU.ActiveCfg = Release|Any CPU
		{BADE79D9-B1FD-4450-99AF-63F3F20E24C3}.Release|Any CPU.Build.0 = Release|Any CPU
		{A8D02913-6399-43B6-B51E-07FD1A18AE89}.Debug|Any CPU.ActiveCfg = Debug|Any CPU
		{A8D02913-6399-43B6-B51E-07FD1A18AE89}.Debug|Any CPU.Build.0 = Debug|Any CPU
		{A8D02913-6399-43B6-B51E-07FD1A18AE89}.Release|Any CPU.ActiveCfg = Release|Any CPU
		{A8D02913-6399-43B6-B51E-07FD1A18AE89}.Release|Any CPU.Build.0 = Release|Any CPU
		{51C2BC85-43BF-478A-9A91-A81C18B3EE4B}.Debug|Any CPU.ActiveCfg = Debug|Any CPU
		{51C2BC85-43BF-478A-9A91-A81C18B3EE4B}.Debug|Any CPU.Build.0 = Debug|Any CPU
		{51C2BC85-43BF-478A-9A91-A81C18B3EE4B}.Release|Any CPU.ActiveCfg = Release|Any CPU
		{51C2BC85-43BF-478A-9A91-A81C18B3EE4B}.Release|Any CPU.Build.0 = Release|Any CPU
	EndGlobalSection
	GlobalSection(SolutionProperties) = preSolution
		HideSolutionNode = FALSE
	EndGlobalSection
	GlobalSection(ExtensibilityGlobals) = postSolution
		SolutionGuid = {976F1D1D-77DB-463A-A9C8-C7FF7E8A450A}
	EndGlobalSection
EndGlobal
