
Microsoft Visual Studio Solution File, Format Version 12.00
# Visual Studio Version 17
VisualStudioVersion = 17.5.002.0
MinimumVisualStudioVersion = 10.0.40219.1
Project("{9A19103F-16F7-4668-BE54-9A1E7A4F7556}") = "FileFormats", "FileFormats.csproj", "{F6715B2C-69ED-4F63-9ED2-28E2A1FACE59}"
EndProject
Global
	GlobalSection(SolutionConfigurationPlatforms) = preSolution
		Debug|Any CPU = Debug|Any CPU
		Release|Any CPU = Release|Any CPU
	EndGlobalSection
	GlobalSection(ProjectConfigurationPlatforms) = postSolution
		{F6715B2C-69ED-4F63-9ED2-28E2A1FACE59}.Debug|Any CPU.ActiveCfg = Debug|Any CPU
		{F6715B2C-69ED-4F63-9ED2-28E2A1FACE59}.Debug|Any CPU.Build.0 = Debug|Any CPU
		{F6715B2C-69ED-4F63-9ED2-28E2A1FACE59}.Release|Any CPU.ActiveCfg = Release|Any CPU
		{F6715B2C-69ED-4F63-9ED2-28E2A1FACE59}.Release|Any CPU.Build.0 = Release|Any CPU
	EndGlobalSection
	GlobalSection(SolutionProperties) = preSolution
		HideSolutionNode = FALSE
	EndGlobalSection
	GlobalSection(ExtensibilityGlobals) = postSolution
		SolutionGuid = {9D0CDB8A-1F06-48BE-A048-EA0BC920FFE0}
	EndGlobalSection
EndGlobal
